<?xml version="1.0" encoding="utf-8"?>
<Project ToolsVersion="4.0" xmlns="http://schemas.microsoft.com/developer/msbuild/2003">
  <ItemGroup>
    <Filter Include="소스 파일">
      <UniqueIdentifier>{4FC737F1-C7A5-4376-A066-2A32D752A2FF}</UniqueIdentifier>
      <Extensions>cpp;c;cc;cxx;c++;cppm;ixx;def;odl;idl;hpj;bat;asm;asmx</Extensions>
    </Filter>
    <Filter Include="헤더 파일">
      <UniqueIdentifier>{93995380-89BD-4b04-88EB-625FBE52EBFB}</UniqueIdentifier>
      <Extensions>h;hh;hpp;hxx;h++;hm;inl;inc;ipp;xsd</Extensions>
    </Filter>
    <Filter Include="리소스 파일">
      <UniqueIdentifier>{67DA6AB6-F800-4c08-8B7A-83BB121AAD01}</UniqueIdentifier>
      <Extensions>rc;ico;cur;bmp;dlg;rc2;rct;bin;rgs;gif;jpg;jpeg;jpe;resx;tiff;tif;png;wav;mfcribbon-ms</Extensions>
    </Filter>
  </ItemGroup>
  <ItemGroup>
    <ClCompile Include="1107.cpp">
      <Filter>소스 파일</Filter>
    </ClCompile>
    <ClCompile Include="1158.cpp">
      <Filter>소스 파일</Filter>
    </ClCompile>
    <ClCompile Include="1260.cpp">
      <Filter>소스 파일</Filter>
    </ClCompile>
    <ClCompile Include="1463 1로만들기.cpp">
      <Filter>소스 파일</Filter>
    </ClCompile>
    <ClCompile Include="1476.cpp">
      <Filter>소스 파일</Filter>
    </ClCompile>
    <ClCompile Include="1654.cpp">
      <Filter>소스 파일</Filter>
    </ClCompile>
    <ClCompile Include="1676.cpp">
      <Filter>소스 파일</Filter>
    </ClCompile>
    <ClCompile Include="1697.cpp">
      <Filter>소스 파일</Filter>
    </ClCompile>
    <ClCompile Include="1699(시간초과).cpp">
      <Filter>소스 파일</Filter>
    </ClCompile>
    <ClCompile Include="1707.cpp">
      <Filter>소스 파일</Filter>
    </ClCompile>
    <ClCompile Include="1744.cpp">
      <Filter>소스 파일</Filter>
    </ClCompile>
    <ClCompile Include="1780.cpp">
      <Filter>소스 파일</Filter>
    </ClCompile>
    <ClCompile Include="1783.cpp">
      <Filter>소스 파일</Filter>
    </ClCompile>
    <ClCompile Include="1850.cpp">
      <Filter>소스 파일</Filter>
    </ClCompile>
    <ClCompile Include="1912.cpp">
      <Filter>소스 파일</Filter>
    </ClCompile>
    <ClCompile Include="1929.cpp">
      <Filter>소스 파일</Filter>
    </ClCompile>
    <ClCompile Include="1931.cpp">
      <Filter>소스 파일</Filter>
    </ClCompile>
    <ClCompile Include="1934.cpp">
      <Filter>소스 파일</Filter>
    </ClCompile>
    <ClCompile Include="1963.cpp">
      <Filter>소스 파일</Filter>
    </ClCompile>
    <ClCompile Include="1966프린터큐.cpp">
      <Filter>소스 파일</Filter>
    </ClCompile>
    <ClCompile Include="1967.cpp">
      <Filter>소스 파일</Filter>
    </ClCompile>
    <ClCompile Include="1978.cpp">
      <Filter>소스 파일</Filter>
    </ClCompile>
    <ClCompile Include="1991.cpp">
      <Filter>소스 파일</Filter>
    </ClCompile>
    <ClCompile Include="1992.cpp">
      <Filter>소스 파일</Filter>
    </ClCompile>
    <ClCompile Include="2011.cpp">
      <Filter>소스 파일</Filter>
    </ClCompile>
    <ClCompile Include="2089(카피).cpp">
      <Filter>소스 파일</Filter>
    </ClCompile>
    <ClCompile Include="2178.cpp">
      <Filter>소스 파일</Filter>
    </ClCompile>
    <ClCompile Include="2193.cpp">
      <Filter>소스 파일</Filter>
    </ClCompile>
    <ClCompile Include="2225(머리가 터지겠다).cpp">
      <Filter>소스 파일</Filter>
    </ClCompile>
    <ClCompile Include="2331.cpp">
      <Filter>소스 파일</Filter>
    </ClCompile>
    <ClCompile Include="2447.cpp">
      <Filter>소스 파일</Filter>
    </ClCompile>
    <ClCompile Include="2448.cpp">
      <Filter>소스 파일</Filter>
    </ClCompile>
    <ClCompile Include="2490윷놀이.cpp">
      <Filter>소스 파일</Filter>
    </ClCompile>
    <ClCompile Include="2579.cpp">
      <Filter>소스 파일</Filter>
    </ClCompile>
    <ClCompile Include="2609.cpp">
      <Filter>소스 파일</Filter>
    </ClCompile>
    <ClCompile Include="2632.cpp">
      <Filter>소스 파일</Filter>
    </ClCompile>
    <ClCompile Include="2667.cpp">
      <Filter>소스 파일</Filter>
    </ClCompile>
    <ClCompile Include="2743.cpp">
      <Filter>소스 파일</Filter>
    </ClCompile>
    <ClCompile Include="2745.cpp">
      <Filter>소스 파일</Filter>
    </ClCompile>
    <ClCompile Include="2751.cpp">
      <Filter>소스 파일</Filter>
    </ClCompile>
    <ClCompile Include="2805.cpp">
      <Filter>소스 파일</Filter>
    </ClCompile>
    <ClCompile Include="2873.cpp">
      <Filter>소스 파일</Filter>
    </ClCompile>
    <ClCompile Include="2875.cpp">
      <Filter>소스 파일</Filter>
    </ClCompile>
    <ClCompile Include="4963.cpp">
      <Filter>소스 파일</Filter>
    </ClCompile>
    <ClCompile Include="6588(1).cpp">
      <Filter>소스 파일</Filter>
    </ClCompile>
    <ClCompile Include="6588(2).cpp">
      <Filter>소스 파일</Filter>
    </ClCompile>
    <ClCompile Include="9012.cpp">
      <Filter>소스 파일</Filter>
    </ClCompile>
    <ClCompile Include="9095.cpp">
      <Filter>소스 파일</Filter>
    </ClCompile>
    <ClCompile Include="9461.cpp">
      <Filter>소스 파일</Filter>
    </ClCompile>
    <ClCompile Include="9466.cpp">
      <Filter>소스 파일</Filter>
    </ClCompile>
    <ClCompile Include="9613.cpp">
      <Filter>소스 파일</Filter>
    </ClCompile>
    <ClCompile Include="10430.cpp">
      <Filter>소스 파일</Filter>
    </ClCompile>
    <ClCompile Include="10451.cpp">
      <Filter>소스 파일</Filter>
    </ClCompile>
    <ClCompile Include="10610.cpp">
      <Filter>소스 파일</Filter>
    </ClCompile>
    <ClCompile Include="10808.cpp">
      <Filter>소스 파일</Filter>
    </ClCompile>
    <ClCompile Include="10809.cpp">
      <Filter>소스 파일</Filter>
    </ClCompile>
    <ClCompile Include="10814.cpp">
      <Filter>소스 파일</Filter>
    </ClCompile>
    <ClCompile Include="10815(이분탐색).cpp">
      <Filter>소스 파일</Filter>
    </ClCompile>
    <ClCompile Include="10815(이분탐색X).cpp">
      <Filter>소스 파일</Filter>
    </ClCompile>
    <ClCompile Include="10816(이분탐색X).cpp">
      <Filter>소스 파일</Filter>
    </ClCompile>
    <ClCompile Include="10819.cpp">
      <Filter>소스 파일</Filter>
    </ClCompile>
    <ClCompile Include="10820.cpp">
      <Filter>소스 파일</Filter>
    </ClCompile>
    <ClCompile Include="10825.cpp">
      <Filter>소스 파일</Filter>
    </ClCompile>
    <ClCompile Include="10828.cpp">
      <Filter>소스 파일</Filter>
    </ClCompile>
    <ClCompile Include="10844.cpp">
      <Filter>소스 파일</Filter>
    </ClCompile>
    <ClCompile Include="10845.cpp">
      <Filter>소스 파일</Filter>
    </ClCompile>
    <ClCompile Include="10866.cpp">
      <Filter>소스 파일</Filter>
    </ClCompile>
    <ClCompile Include="10872.cpp">
      <Filter>소스 파일</Filter>
    </ClCompile>
    <ClCompile Include="10971.cpp">
      <Filter>소스 파일</Filter>
    </ClCompile>
    <ClCompile Include="10989.cpp">
      <Filter>소스 파일</Filter>
    </ClCompile>
    <ClCompile Include="11004.cpp">
      <Filter>소스 파일</Filter>
    </ClCompile>
    <ClCompile Include="11005.cpp">
      <Filter>소스 파일</Filter>
    </ClCompile>
    <ClCompile Include="11047.cpp">
      <Filter>소스 파일</Filter>
    </ClCompile>
    <ClCompile Include="11052.cpp">
      <Filter>소스 파일</Filter>
    </ClCompile>
    <ClCompile Include="11053(틀림).cpp">
      <Filter>소스 파일</Filter>
    </ClCompile>
    <ClCompile Include="11053(해결).cpp">
      <Filter>소스 파일</Filter>
    </ClCompile>
    <ClCompile Include="11055.cpp">
      <Filter>소스 파일</Filter>
    </ClCompile>
    <ClCompile Include="11339.cpp">
      <Filter>소스 파일</Filter>
    </ClCompile>
    <ClCompile Include="11407(그리디).cpp">
      <Filter>소스 파일</Filter>
    </ClCompile>
    <ClCompile Include="11576.cpp">
      <Filter>소스 파일</Filter>
    </ClCompile>
    <ClCompile Include="11650.cpp">
      <Filter>소스 파일</Filter>
    </ClCompile>
    <ClCompile Include="11652.cpp">
      <Filter>소스 파일</Filter>
    </ClCompile>
    <ClCompile Include="11653.cpp">
      <Filter>소스 파일</Filter>
    </ClCompile>
    <ClCompile Include="11655.cpp">
      <Filter>소스 파일</Filter>
    </ClCompile>
    <ClCompile Include="11656.cpp">
      <Filter>소스 파일</Filter>
    </ClCompile>
    <ClCompile Include="11662.cpp">
      <Filter>소스 파일</Filter>
    </ClCompile>
    <ClCompile Include="11724.cpp">
      <Filter>소스 파일</Filter>
    </ClCompile>
    <ClCompile Include="11725.cpp">
      <Filter>소스 파일</Filter>
    </ClCompile>
    <ClCompile Include="11726,11727(2글자차이코드).cpp">
      <Filter>소스 파일</Filter>
    </ClCompile>
    <ClCompile Include="11728.cpp">
      <Filter>소스 파일</Filter>
    </ClCompile>
    <ClCompile Include="11729.cpp">
      <Filter>소스 파일</Filter>
    </ClCompile>
    <ClCompile Include="17825주사위윷놀이(미완).cpp">
      <Filter>소스 파일</Filter>
    </ClCompile>
    <ClCompile Include="1406.cpp">
      <Filter>소스 파일</Filter>
    </ClCompile>
    <ClCompile Include="9095 바텀업.cpp">
      <Filter>소스 파일</Filter>
    </ClCompile>
    <ClCompile Include="11057.cpp">
      <Filter>소스 파일</Filter>
    </ClCompile>
    <ClCompile Include="11055(탑다운).cpp">
      <Filter>소스 파일</Filter>
    </ClCompile>
    <ClCompile Include="1520.cpp">
      <Filter>소스 파일</Filter>
    </ClCompile>
    <ClCompile Include="1937.cpp">
      <Filter>소스 파일</Filter>
    </ClCompile>
  </ItemGroup>
</Project>